// !$*UTF8*$!
{
	archiveVersion = 1;
	classes = {
	};
	objectVersion = 46;
	objects = {

/* Begin PBXBuildFile section */
		502F017B147E509600710FDB /* ASIHTTPRequestConfig.h in Headers */ = {isa = PBXBuildFile; fileRef = B551DB4610D6938500EC1CBF /* ASIHTTPRequestConfig.h */; settings = {ATTRIBUTES = (Public, ); }; };
		502F017C147E509600710FDB /* ASICacheDelegate.h in Headers */ = {isa = PBXBuildFile; fileRef = B5FE752A11DBBA6A00F898C8 /* ASICacheDelegate.h */; settings = {ATTRIBUTES = (Public, ); }; };
		502F017D147E509600710FDB /* ASIHTTPRequestDelegate.h in Headers */ = {isa = PBXBuildFile; fileRef = B5747F271174BB8300C9414E /* ASIHTTPRequestDelegate.h */; settings = {ATTRIBUTES = (Public, ); }; };
		502F017E147E509600710FDB /* ASIProgressDelegate.h in Headers */ = {isa = PBXBuildFile; fileRef = B5747F281174BB8300C9414E /* ASIProgressDelegate.h */; settings = {ATTRIBUTES = (Public, ); }; };
		502F017F147E50A500710FDB /* Reachability.h in Headers */ = {isa = PBXBuildFile; fileRef = B55252B211D22E2200F9B170 /* Reachability.h */; settings = {ATTRIBUTES = (); }; };
		502F0180147E50CE00710FDB /* ASIAuthenticationDialog.h in Headers */ = {isa = PBXBuildFile; fileRef = B59A87C0103EC6F200300252 /* ASIAuthenticationDialog.h */; settings = {ATTRIBUTES = (); }; };
		502F0181147E50CE00710FDB /* ASIInputStream.h in Headers */ = {isa = PBXBuildFile; fileRef = B522DACC1030B2AB009A2D22 /* ASIInputStream.h */; settings = {ATTRIBUTES = (); }; };
		502F0182147E50CE00710FDB /* ASIFormDataRequest.h in Headers */ = {isa = PBXBuildFile; fileRef = B55B60450F765A320064029C /* ASIFormDataRequest.h */; settings = {ATTRIBUTES = (); }; };
		502F0183147E50CE00710FDB /* ASINetworkQueue.h in Headers */ = {isa = PBXBuildFile; fileRef = B55B60490F765A320064029C /* ASINetworkQueue.h */; settings = {ATTRIBUTES = (); }; };
		502F0184147E50CE00710FDB /* ASIDownloadCache.h in Headers */ = {isa = PBXBuildFile; fileRef = B5FE752611DBBA6400F898C8 /* ASIDownloadCache.h */; settings = {ATTRIBUTES = (); }; };
		502F0185147E50CE00710FDB /* ASIDataDecompressor.h in Headers */ = {isa = PBXBuildFile; fileRef = B53E6D921257B45800C1E79A /* ASIDataDecompressor.h */; settings = {ATTRIBUTES = (); }; };
		502F0186147E50CE00710FDB /* ASIDataCompressor.h in Headers */ = {isa = PBXBuildFile; fileRef = B53E6D941257B45800C1E79A /* ASIDataCompressor.h */; settings = {ATTRIBUTES = (); }; };
		509781A01648394A00C220EF /* libxml2.dylib in Frameworks */ = {isa = PBXBuildFile; fileRef = 5097819F1648394A00C220EF /* libxml2.dylib */; };
		52C1D8BF144D39DC00957EBF /* Reachability.m in Sources */ = {isa = PBXBuildFile; fileRef = B55252B311D22E2200F9B170 /* Reachability.m */; };
		52C1D8C5144D39DC00957EBF /* ASIAuthenticationDialog.m in Sources */ = {isa = PBXBuildFile; fileRef = B59A87C1103EC6F200300252 /* ASIAuthenticationDialog.m */; };
		52C1D8C7144D39DC00957EBF /* ASIInputStream.m in Sources */ = {isa = PBXBuildFile; fileRef = B522DACD1030B2AB009A2D22 /* ASIInputStream.m */; };
		52C1D8C9144D39DC00957EBF /* ASIFormDataRequest.m in Sources */ = {isa = PBXBuildFile; fileRef = B55B60460F765A320064029C /* ASIFormDataRequest.m */; };
		52C1D8CA144D39DC00957EBF /* ASIHTTPRequest.h in Headers */ = {isa = PBXBuildFile; fileRef = B55B60470F765A320064029C /* ASIHTTPRequest.h */; settings = {ATTRIBUTES = (Public, ); }; };
		52C1D8CB144D39DC00957EBF /* ASIHTTPRequest.m in Sources */ = {isa = PBXBuildFile; fileRef = B55B60480F765A320064029C /* ASIHTTPRequest.m */; };
		52C1D8CD144D39DC00957EBF /* ASINetworkQueue.m in Sources */ = {isa = PBXBuildFile; fileRef = B55B604A0F765A320064029C /* ASINetworkQueue.m */; };
		52C1D8CF144D39DC00957EBF /* ASIDownloadCache.m in Sources */ = {isa = PBXBuildFile; fileRef = B5FE752511DBBA6400F898C8 /* ASIDownloadCache.m */; };
		52C1D8D1144D39DC00957EBF /* ASIDataDecompressor.m in Sources */ = {isa = PBXBuildFile; fileRef = B53E6D911257B45800C1E79A /* ASIDataDecompressor.m */; };
		52C1D8D3144D39DC00957EBF /* ASIDataCompressor.m in Sources */ = {isa = PBXBuildFile; fileRef = B53E6D931257B45800C1E79A /* ASIDataCompressor.m */; };
		52C1D8D5144D39DC00957EBF /* ASIWebPageRequest.m in Sources */ = {isa = PBXBuildFile; fileRef = B57D0F4712AA7D3600E5F992 /* ASIWebPageRequest.m */; };
		52C1D8D7144D39DC00957EBF /* ASIS3Bucket.m in Sources */ = {isa = PBXBuildFile; fileRef = B5404000115114BA00D8BE63 /* ASIS3Bucket.m */; };
		52C1D8D9144D39DC00957EBF /* ASIS3BucketRequest.m in Sources */ = {isa = PBXBuildFile; fileRef = B5404002115114BA00D8BE63 /* ASIS3BucketRequest.m */; };
		52C1D8DB144D39DC00957EBF /* ASIS3ObjectRequest.m in Sources */ = {isa = PBXBuildFile; fileRef = B5404004115114BA00D8BE63 /* ASIS3ObjectRequest.m */; };
		52C1D8DD144D39DC00957EBF /* ASIS3ServiceRequest.m in Sources */ = {isa = PBXBuildFile; fileRef = B5404006115114BA00D8BE63 /* ASIS3ServiceRequest.m */; };
		52C1D8DF144D39DC00957EBF /* ASIS3BucketObject.m in Sources */ = {isa = PBXBuildFile; fileRef = B5873FC210FF28CA001E145F /* ASIS3BucketObject.m */; };
		52C1D8E1144D39DC00957EBF /* ASIS3Request.m in Sources */ = {isa = PBXBuildFile; fileRef = B5873FC610FF28CA001E145F /* ASIS3Request.m */; };
		52C1D8E3144D39DC00957EBF /* ASICloudFilesCDNRequest.m in Sources */ = {isa = PBXBuildFile; fileRef = B5873FC910FF28CA001E145F /* ASICloudFilesCDNRequest.m */; };
		52C1D8E5144D39DC00957EBF /* ASICloudFilesContainer.m in Sources */ = {isa = PBXBuildFile; fileRef = B5873FCB10FF28CA001E145F /* ASICloudFilesContainer.m */; };
		52C1D8E7144D39DC00957EBF /* ASICloudFilesContainerRequest.m in Sources */ = {isa = PBXBuildFile; fileRef = B5873FCD10FF28CA001E145F /* ASICloudFilesContainerRequest.m */; };
		52C1D8E9144D39DC00957EBF /* ASICloudFilesContainerXMLParserDelegate.m in Sources */ = {isa = PBXBuildFile; fileRef = B5873FCF10FF28CA001E145F /* ASICloudFilesContainerXMLParserDelegate.m */; };
		52C1D8EB144D39DC00957EBF /* ASICloudFilesObject.m in Sources */ = {isa = PBXBuildFile; fileRef = B5873FD110FF28CA001E145F /* ASICloudFilesObject.m */; };
		52C1D8ED144D39DC00957EBF /* ASICloudFilesObjectRequest.m in Sources */ = {isa = PBXBuildFile; fileRef = B5873FD310FF28CA001E145F /* ASICloudFilesObjectRequest.m */; };
		52C1D8EF144D39DC00957EBF /* ASICloudFilesRequest.m in Sources */ = {isa = PBXBuildFile; fileRef = B5873FD510FF28CA001E145F /* ASICloudFilesRequest.m */; };
/* End PBXBuildFile section */

/* Begin PBXFileReference section */
		5097819F1648394A00C220EF /* libxml2.dylib */ = {isa = PBXFileReference; lastKnownFileType = "compiled.mach-o.dylib"; name = libxml2.dylib; path = usr/lib/libxml2.dylib; sourceTree = SDKROOT; };
		52C1D8B2144D394500957EBF /* libASIHTTP.a */ = {isa = PBXFileReference; explicitFileType = archive.ar; includeInIndex = 0; path = libASIHTTP.a; sourceTree = BUILT_PRODUCTS_DIR; };
		B50C1821121C26DB0055FCAB /* ClientCertificateTests.h */ = {isa = PBXFileReference; fileEncoding = 4; lastKnownFileType = sourcecode.c.h; path = ClientCertificateTests.h; sourceTree = "<group>"; };
		B50C1822121C26DB0055FCAB /* ClientCertificateTests.m */ = {isa = PBXFileReference; fileEncoding = 4; lastKnownFileType = sourcecode.c.objc; path = ClientCertificateTests.m; sourceTree = "<group>"; };
		B50C182B121C26FA0055FCAB /* Security.framework */ = {isa = PBXFileReference; lastKnownFileType = wrapper.framework; name = Security.framework; path = System/Library/Frameworks/Security.framework; sourceTree = SDKROOT; };
		B50C1847121C27510055FCAB /* client.p12 */ = {isa = PBXFileReference; lastKnownFileType = file; name = client.p12; path = "iPhone Sample/Resources/client.p12"; sourceTree = "<group>"; };
		B50D532A126C87ED0022EA6F /* BlocksTests.h */ = {isa = PBXFileReference; fileEncoding = 4; lastKnownFileType = sourcecode.c.h; path = BlocksTests.h; sourceTree = "<group>"; };
		B50D532B126C87ED0022EA6F /* BlocksTests.m */ = {isa = PBXFileReference; fileEncoding = 4; lastKnownFileType = sourcecode.c.objc; path = BlocksTests.m; sourceTree = "<group>"; };
		B50F66181297FA45003887B1 /* strict.xcconfig */ = {isa = PBXFileReference; fileEncoding = 4; lastKnownFileType = text.xcconfig; path = strict.xcconfig; sourceTree = "<group>"; };
		B51791A11024C3E800583567 /* AuthenticationViewController.h */ = {isa = PBXFileReference; fileEncoding = 4; lastKnownFileType = sourcecode.c.h; name = AuthenticationViewController.h; path = "iPhone Sample/AuthenticationViewController.h"; sourceTree = "<group>"; };
		B51791A21024C3E800583567 /* AuthenticationViewController.m */ = {isa = PBXFileReference; fileEncoding = 4; lastKnownFileType = sourcecode.c.objc; name = AuthenticationViewController.m; path = "iPhone Sample/AuthenticationViewController.m"; sourceTree = "<group>"; };
		B51A1A7911DDF7BF00ED75CF /* ASIDownloadCacheTests.h */ = {isa = PBXFileReference; fileEncoding = 4; lastKnownFileType = sourcecode.c.h; path = ASIDownloadCacheTests.h; sourceTree = "<group>"; };
		B51A1A7A11DDF7BF00ED75CF /* ASIDownloadCacheTests.m */ = {isa = PBXFileReference; fileEncoding = 4; lastKnownFileType = sourcecode.c.objc; path = ASIDownloadCacheTests.m; sourceTree = "<group>"; };
		B522DACC1030B2AB009A2D22 /* ASIInputStream.h */ = {isa = PBXFileReference; fileEncoding = 4; lastKnownFileType = sourcecode.c.h; path = ASIInputStream.h; sourceTree = "<group>"; };
		B522DACD1030B2AB009A2D22 /* ASIInputStream.m */ = {isa = PBXFileReference; fileEncoding = 4; lastKnownFileType = sourcecode.c.objc; path = ASIInputStream.m; sourceTree = "<group>"; };
		B523254111CA01F1006C6E5A /* Sample.xib */ = {isa = PBXFileReference; lastKnownFileType = file.xib; name = Sample.xib; path = "iPhone Sample/Resources/Sample.xib"; sourceTree = "<group>"; };
		B52325AC11CA05A8006C6E5A /* info.png */ = {isa = PBXFileReference; lastKnownFileType = image.png; name = info.png; path = "iPhone Sample/Resources/info.png"; sourceTree = "<group>"; };
		B5254FF71025F9BF00CF7BC4 /* ProxyTests.m */ = {isa = PBXFileReference; fileEncoding = 4; lastKnownFileType = sourcecode.c.objc; path = ProxyTests.m; sourceTree = "<group>"; };
		B5254FF81025F9BF00CF7BC4 /* ProxyTests.h */ = {isa = PBXFileReference; fileEncoding = 4; lastKnownFileType = sourcecode.c.h; path = ProxyTests.h; sourceTree = "<group>"; };
		B52D4A2D10DA4ED5008E8365 /* PerformanceTests.h */ = {isa = PBXFileReference; fileEncoding = 4; lastKnownFileType = sourcecode.c.h; path = PerformanceTests.h; sourceTree = "<group>"; };
		B52D4A2E10DA4ED5008E8365 /* PerformanceTests.m */ = {isa = PBXFileReference; fileEncoding = 4; lastKnownFileType = sourcecode.c.objc; path = PerformanceTests.m; sourceTree = "<group>"; };
		B53E6D911257B45800C1E79A /* ASIDataDecompressor.m */ = {isa = PBXFileReference; fileEncoding = 4; lastKnownFileType = sourcecode.c.objc; path = ASIDataDecompressor.m; sourceTree = "<group>"; };
		B53E6D921257B45800C1E79A /* ASIDataDecompressor.h */ = {isa = PBXFileReference; fileEncoding = 4; lastKnownFileType = sourcecode.c.h; path = ASIDataDecompressor.h; sourceTree = "<group>"; };
		B53E6D931257B45800C1E79A /* ASIDataCompressor.m */ = {isa = PBXFileReference; fileEncoding = 4; lastKnownFileType = sourcecode.c.objc; path = ASIDataCompressor.m; sourceTree = "<group>"; };
		B53E6D941257B45800C1E79A /* ASIDataCompressor.h */ = {isa = PBXFileReference; fileEncoding = 4; lastKnownFileType = sourcecode.c.h; path = ASIDataCompressor.h; sourceTree = "<group>"; };
		B5403FFF115114BA00D8BE63 /* ASIS3Bucket.h */ = {isa = PBXFileReference; fileEncoding = 4; lastKnownFileType = sourcecode.c.h; path = ASIS3Bucket.h; sourceTree = "<group>"; };
		B5404000115114BA00D8BE63 /* ASIS3Bucket.m */ = {isa = PBXFileReference; fileEncoding = 4; lastKnownFileType = sourcecode.c.objc; path = ASIS3Bucket.m; sourceTree = "<group>"; };
		B5404001115114BA00D8BE63 /* ASIS3BucketRequest.h */ = {isa = PBXFileReference; fileEncoding = 4; lastKnownFileType = sourcecode.c.h; path = ASIS3BucketRequest.h; sourceTree = "<group>"; };
		B5404002115114BA00D8BE63 /* ASIS3BucketRequest.m */ = {isa = PBXFileReference; fileEncoding = 4; lastKnownFileType = sourcecode.c.objc; path = ASIS3BucketRequest.m; sourceTree = "<group>"; };
		B5404003115114BA00D8BE63 /* ASIS3ObjectRequest.h */ = {isa = PBXFileReference; fileEncoding = 4; lastKnownFileType = sourcecode.c.h; path = ASIS3ObjectRequest.h; sourceTree = "<group>"; };
		B5404004115114BA00D8BE63 /* ASIS3ObjectRequest.m */ = {isa = PBXFileReference; fileEncoding = 4; lastKnownFileType = sourcecode.c.objc; path = ASIS3ObjectRequest.m; sourceTree = "<group>"; };
		B5404005115114BA00D8BE63 /* ASIS3ServiceRequest.h */ = {isa = PBXFileReference; fileEncoding = 4; lastKnownFileType = sourcecode.c.h; path = ASIS3ServiceRequest.h; sourceTree = "<group>"; };
		B5404006115114BA00D8BE63 /* ASIS3ServiceRequest.m */ = {isa = PBXFileReference; fileEncoding = 4; lastKnownFileType = sourcecode.c.objc; path = ASIS3ServiceRequest.m; sourceTree = "<group>"; };
		B551DB4610D6938500EC1CBF /* ASIHTTPRequestConfig.h */ = {isa = PBXFileReference; fileEncoding = 4; lastKnownFileType = sourcecode.c.h; path = ASIHTTPRequestConfig.h; sourceTree = "<group>"; };
		B55252B211D22E2200F9B170 /* Reachability.h */ = {isa = PBXFileReference; fileEncoding = 4; lastKnownFileType = sourcecode.c.h; path = Reachability.h; sourceTree = "<group>"; };
		B55252B311D22E2200F9B170 /* Reachability.m */ = {isa = PBXFileReference; fileEncoding = 4; lastKnownFileType = sourcecode.c.objc; path = Reachability.m; sourceTree = "<group>"; };
		B558B58911C7F637009B4627 /* iPhoneInfo.plist */ = {isa = PBXFileReference; fileEncoding = 4; lastKnownFileType = text.plist.xml; name = iPhoneInfo.plist; path = "iPhone Sample/iPhoneInfo.plist"; sourceTree = "<group>"; };
		B558B58B11C7F63E009B4627 /* iPadInfo.plist */ = {isa = PBXFileReference; fileEncoding = 4; lastKnownFileType = text.plist.xml; name = iPadInfo.plist; path = "iPhone Sample/iPadInfo.plist"; sourceTree = "<group>"; };
		B55B60450F765A320064029C /* ASIFormDataRequest.h */ = {isa = PBXFileReference; fileEncoding = 4; lastKnownFileType = sourcecode.c.h; path = ASIFormDataRequest.h; sourceTree = "<group>"; };
		B55B60460F765A320064029C /* ASIFormDataRequest.m */ = {isa = PBXFileReference; fileEncoding = 4; lastKnownFileType = sourcecode.c.objc; path = ASIFormDataRequest.m; sourceTree = "<group>"; };
		B55B60470F765A320064029C /* ASIHTTPRequest.h */ = {isa = PBXFileReference; fileEncoding = 4; lastKnownFileType = sourcecode.c.h; path = ASIHTTPRequest.h; sourceTree = "<group>"; };
		B55B60480F765A320064029C /* ASIHTTPRequest.m */ = {isa = PBXFileReference; fileEncoding = 4; lastKnownFileType = sourcecode.c.objc; path = ASIHTTPRequest.m; sourceTree = "<group>"; };
		B55B60490F765A320064029C /* ASINetworkQueue.h */ = {isa = PBXFileReference; fileEncoding = 4; lastKnownFileType = sourcecode.c.h; path = ASINetworkQueue.h; sourceTree = "<group>"; };
		B55B604A0F765A320064029C /* ASINetworkQueue.m */ = {isa = PBXFileReference; fileEncoding = 4; lastKnownFileType = sourcecode.c.objc; path = ASINetworkQueue.m; sourceTree = "<group>"; };
		B55B60520F765A3C0064029C /* ASIFormDataRequestTests.h */ = {isa = PBXFileReference; fileEncoding = 4; lastKnownFileType = sourcecode.c.h; path = ASIFormDataRequestTests.h; sourceTree = "<group>"; };
		B55B60530F765A3C0064029C /* ASIFormDataRequestTests.m */ = {isa = PBXFileReference; fileEncoding = 4; lastKnownFileType = sourcecode.c.objc; path = ASIFormDataRequestTests.m; sourceTree = "<group>"; };
		B55B60540F765A3C0064029C /* ASIHTTPRequestTests.h */ = {isa = PBXFileReference; fileEncoding = 4; lastKnownFileType = sourcecode.c.h; path = ASIHTTPRequestTests.h; sourceTree = "<group>"; };
		B55B60550F765A3C0064029C /* ASIHTTPRequestTests.m */ = {isa = PBXFileReference; fileEncoding = 4; lastKnownFileType = sourcecode.c.objc; path = ASIHTTPRequestTests.m; sourceTree = "<group>"; };
		B55B60560F765A3C0064029C /* ASINetworkQueueTests.h */ = {isa = PBXFileReference; fileEncoding = 4; lastKnownFileType = sourcecode.c.h; path = ASINetworkQueueTests.h; sourceTree = "<group>"; };
		B55B60570F765A3C0064029C /* ASINetworkQueueTests.m */ = {isa = PBXFileReference; fileEncoding = 4; lastKnownFileType = sourcecode.c.objc; path = ASINetworkQueueTests.m; sourceTree = "<group>"; };
		B55B605F0F765A750064029C /* iPhone_Prefix.pch */ = {isa = PBXFileReference; fileEncoding = 4; lastKnownFileType = sourcecode.c.h; name = iPhone_Prefix.pch; path = "iPhone Sample/iPhone_Prefix.pch"; sourceTree = "<group>"; };
		B55B60600F765A750064029C /* main.m */ = {isa = PBXFileReference; fileEncoding = 4; lastKnownFileType = sourcecode.c.objc; name = main.m; path = "iPhone Sample/main.m"; sourceTree = "<group>"; };
		B55B60670F765A930064029C /* QueueViewController.m */ = {isa = PBXFileReference; fileEncoding = 4; lastKnownFileType = sourcecode.c.objc; name = QueueViewController.m; path = "iPhone Sample/QueueViewController.m"; sourceTree = "<group>"; };
		B55B60680F765A930064029C /* QueueViewController.h */ = {isa = PBXFileReference; fileEncoding = 4; lastKnownFileType = sourcecode.c.h; name = QueueViewController.h; path = "iPhone Sample/QueueViewController.h"; sourceTree = "<group>"; };
		B55B60690F765A930064029C /* UploadViewController.h */ = {isa = PBXFileReference; fileEncoding = 4; lastKnownFileType = sourcecode.c.h; name = UploadViewController.h; path = "iPhone Sample/UploadViewController.h"; sourceTree = "<group>"; };
		B55B606A0F765A930064029C /* SynchronousViewController.m */ = {isa = PBXFileReference; fileEncoding = 4; lastKnownFileType = sourcecode.c.objc; name = SynchronousViewController.m; path = "iPhone Sample/SynchronousViewController.m"; sourceTree = "<group>"; };
		B55B606B0F765A930064029C /* iPhoneSampleAppDelegate.m */ = {isa = PBXFileReference; fileEncoding = 4; lastKnownFileType = sourcecode.c.objc; name = iPhoneSampleAppDelegate.m; path = "iPhone Sample/iPhoneSampleAppDelegate.m"; sourceTree = "<group>"; };
		B55B606C0F765A930064029C /* UploadViewController.m */ = {isa = PBXFileReference; fileEncoding = 4; lastKnownFileType = sourcecode.c.objc; name = UploadViewController.m; path = "iPhone Sample/UploadViewController.m"; sourceTree = "<group>"; };
		B55B606D0F765A930064029C /* SynchronousViewController.h */ = {isa = PBXFileReference; fileEncoding = 4; lastKnownFileType = sourcecode.c.h; name = SynchronousViewController.h; path = "iPhone Sample/SynchronousViewController.h"; sourceTree = "<group>"; };
		B55B606E0F765A930064029C /* iPhoneSampleAppDelegate.h */ = {isa = PBXFileReference; fileEncoding = 4; lastKnownFileType = sourcecode.c.h; name = iPhoneSampleAppDelegate.h; path = "iPhone Sample/iPhoneSampleAppDelegate.h"; sourceTree = "<group>"; };
		B55B60730F765A990064029C /* iphone-icon.png */ = {isa = PBXFileReference; lastKnownFileType = image.png; name = "iphone-icon.png"; path = "iPhone Sample/iphone-icon.png"; sourceTree = "<group>"; };
		B55B60CB0F765BB10064029C /* Tests-Info.plist */ = {isa = PBXFileReference; lastKnownFileType = text.plist.xml; name = "Tests-Info.plist"; path = "iPhone Sample/Tests-Info.plist"; sourceTree = "<group>"; };
		B565291E101C8BD7000499CF /* ASITestCase.h */ = {isa = PBXFileReference; fileEncoding = 4; lastKnownFileType = sourcecode.c.h; path = ASITestCase.h; sourceTree = "<group>"; };
		B565291F101C8BD7000499CF /* ASITestCase.m */ = {isa = PBXFileReference; fileEncoding = 4; lastKnownFileType = sourcecode.c.objc; path = ASITestCase.m; sourceTree = "<group>"; };
		B56529A2101C8EDA000499CF /* iphone-tests-icon.png */ = {isa = PBXFileReference; lastKnownFileType = image.png; name = "iphone-tests-icon.png"; path = "iPhone Sample/iphone-tests-icon.png"; sourceTree = "<group>"; };
		B5747F271174BB8300C9414E /* ASIHTTPRequestDelegate.h */ = {isa = PBXFileReference; fileEncoding = 4; lastKnownFileType = sourcecode.c.h; path = ASIHTTPRequestDelegate.h; sourceTree = "<group>"; };
		B5747F281174BB8300C9414E /* ASIProgressDelegate.h */ = {isa = PBXFileReference; fileEncoding = 4; lastKnownFileType = sourcecode.c.h; path = ASIProgressDelegate.h; sourceTree = "<group>"; };
		B576D4C011C7CC970059B815 /* CFNetwork.framework */ = {isa = PBXFileReference; lastKnownFileType = wrapper.framework; name = CFNetwork.framework; path = System/Library/Frameworks/CFNetwork.framework; sourceTree = SDKROOT; };
		B576D4C311C7CC9C0059B815 /* UIKit.framework */ = {isa = PBXFileReference; lastKnownFileType = wrapper.framework; name = UIKit.framework; path = System/Library/Frameworks/UIKit.framework; sourceTree = SDKROOT; };
		B576D4C611C7CC9F0059B815 /* MobileCoreServices.framework */ = {isa = PBXFileReference; lastKnownFileType = wrapper.framework; name = MobileCoreServices.framework; path = System/Library/Frameworks/MobileCoreServices.framework; sourceTree = SDKROOT; };
		B576D4C911C7CCA60059B815 /* SystemConfiguration.framework */ = {isa = PBXFileReference; lastKnownFileType = wrapper.framework; name = SystemConfiguration.framework; path = System/Library/Frameworks/SystemConfiguration.framework; sourceTree = SDKROOT; };
		B576D4D011C7CCBC0059B815 /* CoreGraphics.framework */ = {isa = PBXFileReference; lastKnownFileType = wrapper.framework; name = CoreGraphics.framework; path = System/Library/Frameworks/CoreGraphics.framework; sourceTree = SDKROOT; };
		B576D52C11C7CEFA0059B815 /* Foundation.framework */ = {isa = PBXFileReference; lastKnownFileType = wrapper.framework; name = Foundation.framework; path = System/Library/Frameworks/Foundation.framework; sourceTree = SDKROOT; };
		B576D76311C7F4D40059B815 /* iPadMainWindow.xib */ = {isa = PBXFileReference; lastKnownFileType = file.xib; name = iPadMainWindow.xib; path = "iPhone Sample/Resources/iPadMainWindow.xib"; sourceTree = "<group>"; };
		B576D76511C7F4D90059B815 /* iPhoneMainWindow.xib */ = {isa = PBXFileReference; lastKnownFileType = file.xib; name = iPhoneMainWindow.xib; path = "iPhone Sample/Resources/iPhoneMainWindow.xib"; sourceTree = "<group>"; };
		B57AF5901258B3F1002A1F0C /* WebPageViewController.h */ = {isa = PBXFileReference; fileEncoding = 4; lastKnownFileType = sourcecode.c.h; name = WebPageViewController.h; path = "iPhone Sample/WebPageViewController.h"; sourceTree = "<group>"; };
		B57AF5911258B3F1002A1F0C /* WebPageViewController.m */ = {isa = PBXFileReference; fileEncoding = 4; lastKnownFileType = sourcecode.c.objc; name = WebPageViewController.m; path = "iPhone Sample/WebPageViewController.m"; sourceTree = "<group>"; };
		B57AF5941258B401002A1F0C /* RequestProgressCell.h */ = {isa = PBXFileReference; fileEncoding = 4; lastKnownFileType = sourcecode.c.h; name = RequestProgressCell.h; path = "iPhone Sample/RequestProgressCell.h"; sourceTree = "<group>"; };
		B57AF5951258B401002A1F0C /* RequestProgressCell.m */ = {isa = PBXFileReference; fileEncoding = 4; lastKnownFileType = sourcecode.c.objc; name = RequestProgressCell.m; path = "iPhone Sample/RequestProgressCell.m"; sourceTree = "<group>"; };
		B57D0F4612AA7D3600E5F992 /* ASIWebPageRequest.h */ = {isa = PBXFileReference; fileEncoding = 4; lastKnownFileType = sourcecode.c.h; name = ASIWebPageRequest.h; path = ASIWebPageRequest/ASIWebPageRequest.h; sourceTree = "<group>"; };
		B57D0F4712AA7D3600E5F992 /* ASIWebPageRequest.m */ = {isa = PBXFileReference; fileEncoding = 4; lastKnownFileType = sourcecode.c.objc; name = ASIWebPageRequest.m; path = ASIWebPageRequest/ASIWebPageRequest.m; sourceTree = "<group>"; };
		B5873FC110FF28CA001E145F /* ASIS3BucketObject.h */ = {isa = PBXFileReference; fileEncoding = 4; lastKnownFileType = sourcecode.c.h; path = ASIS3BucketObject.h; sourceTree = "<group>"; };
		B5873FC210FF28CA001E145F /* ASIS3BucketObject.m */ = {isa = PBXFileReference; fileEncoding = 4; lastKnownFileType = sourcecode.c.objc; path = ASIS3BucketObject.m; sourceTree = "<group>"; };
		B5873FC510FF28CA001E145F /* ASIS3Request.h */ = {isa = PBXFileReference; fileEncoding = 4; lastKnownFileType = sourcecode.c.h; path = ASIS3Request.h; sourceTree = "<group>"; };
		B5873FC610FF28CA001E145F /* ASIS3Request.m */ = {isa = PBXFileReference; fileEncoding = 4; lastKnownFileType = sourcecode.c.objc; path = ASIS3Request.m; sourceTree = "<group>"; };
		B5873FC810FF28CA001E145F /* ASICloudFilesCDNRequest.h */ = {isa = PBXFileReference; fileEncoding = 4; lastKnownFileType = sourcecode.c.h; path = ASICloudFilesCDNRequest.h; sourceTree = "<group>"; };
		B5873FC910FF28CA001E145F /* ASICloudFilesCDNRequest.m */ = {isa = PBXFileReference; fileEncoding = 4; lastKnownFileType = sourcecode.c.objc; path = ASICloudFilesCDNRequest.m; sourceTree = "<group>"; };
		B5873FCA10FF28CA001E145F /* ASICloudFilesContainer.h */ = {isa = PBXFileReference; fileEncoding = 4; lastKnownFileType = sourcecode.c.h; path = ASICloudFilesContainer.h; sourceTree = "<group>"; };
		B5873FCB10FF28CA001E145F /* ASICloudFilesContainer.m */ = {isa = PBXFileReference; fileEncoding = 4; lastKnownFileType = sourcecode.c.objc; path = ASICloudFilesContainer.m; sourceTree = "<group>"; };
		B5873FCC10FF28CA001E145F /* ASICloudFilesContainerRequest.h */ = {isa = PBXFileReference; fileEncoding = 4; lastKnownFileType = sourcecode.c.h; path = ASICloudFilesContainerRequest.h; sourceTree = "<group>"; };
		B5873FCD10FF28CA001E145F /* ASICloudFilesContainerRequest.m */ = {isa = PBXFileReference; fileEncoding = 4; lastKnownFileType = sourcecode.c.objc; path = ASICloudFilesContainerRequest.m; sourceTree = "<group>"; };
		B5873FCE10FF28CA001E145F /* ASICloudFilesContainerXMLParserDelegate.h */ = {isa = PBXFileReference; fileEncoding = 4; lastKnownFileType = sourcecode.c.h; path = ASICloudFilesContainerXMLParserDelegate.h; sourceTree = "<group>"; };
		B5873FCF10FF28CA001E145F /* ASICloudFilesContainerXMLParserDelegate.m */ = {isa = PBXFileReference; fileEncoding = 4; lastKnownFileType = sourcecode.c.objc; path = ASICloudFilesContainerXMLParserDelegate.m; sourceTree = "<group>"; };
		B5873FD010FF28CA001E145F /* ASICloudFilesObject.h */ = {isa = PBXFileReference; fileEncoding = 4; lastKnownFileType = sourcecode.c.h; path = ASICloudFilesObject.h; sourceTree = "<group>"; };
		B5873FD110FF28CA001E145F /* ASICloudFilesObject.m */ = {isa = PBXFileReference; fileEncoding = 4; lastKnownFileType = sourcecode.c.objc; path = ASICloudFilesObject.m; sourceTree = "<group>"; };
		B5873FD210FF28CA001E145F /* ASICloudFilesObjectRequest.h */ = {isa = PBXFileReference; fileEncoding = 4; lastKnownFileType = sourcecode.c.h; path = ASICloudFilesObjectRequest.h; sourceTree = "<group>"; };
		B5873FD310FF28CA001E145F /* ASICloudFilesObjectRequest.m */ = {isa = PBXFileReference; fileEncoding = 4; lastKnownFileType = sourcecode.c.objc; path = ASICloudFilesObjectRequest.m; sourceTree = "<group>"; };
		B5873FD410FF28CA001E145F /* ASICloudFilesRequest.h */ = {isa = PBXFileReference; fileEncoding = 4; lastKnownFileType = sourcecode.c.h; path = ASICloudFilesRequest.h; sourceTree = "<group>"; };
		B5873FD510FF28CA001E145F /* ASICloudFilesRequest.m */ = {isa = PBXFileReference; fileEncoding = 4; lastKnownFileType = sourcecode.c.objc; path = ASICloudFilesRequest.m; sourceTree = "<group>"; };
		B5873FF310FF2904001E145F /* ASICloudFilesRequestTests.m */ = {isa = PBXFileReference; fileEncoding = 4; lastKnownFileType = sourcecode.c.objc; path = ASICloudFilesRequestTests.m; sourceTree = "<group>"; };
		B5873FF410FF2904001E145F /* ASICloudFilesRequestTests.h */ = {isa = PBXFileReference; fileEncoding = 4; lastKnownFileType = sourcecode.c.h; path = ASICloudFilesRequestTests.h; sourceTree = "<group>"; };
		B59A87C0103EC6F200300252 /* ASIAuthenticationDialog.h */ = {isa = PBXFileReference; fileEncoding = 4; lastKnownFileType = sourcecode.c.h; path = ASIAuthenticationDialog.h; sourceTree = "<group>"; };
		B59A87C1103EC6F200300252 /* ASIAuthenticationDialog.m */ = {isa = PBXFileReference; fileEncoding = 4; lastKnownFileType = sourcecode.c.objc; path = ASIAuthenticationDialog.m; sourceTree = "<group>"; };
		B5BD2AF811CA541100D7C426 /* iPadSampleAppDelegate.h */ = {isa = PBXFileReference; fileEncoding = 4; lastKnownFileType = sourcecode.c.h; name = iPadSampleAppDelegate.h; path = "iPhone Sample/iPadSampleAppDelegate.h"; sourceTree = "<group>"; };
		B5BD2AF911CA541100D7C426 /* iPadSampleAppDelegate.m */ = {isa = PBXFileReference; fileEncoding = 4; lastKnownFileType = sourcecode.c.objc; name = iPadSampleAppDelegate.m; path = "iPhone Sample/iPadSampleAppDelegate.m"; sourceTree = "<group>"; };
		B5BD2AFB11CA542000D7C426 /* DetailCell.h */ = {isa = PBXFileReference; fileEncoding = 4; lastKnownFileType = sourcecode.c.h; name = DetailCell.h; path = "iPhone Sample/DetailCell.h"; sourceTree = "<group>"; };
		B5BD2AFC11CA542000D7C426 /* DetailCell.m */ = {isa = PBXFileReference; fileEncoding = 4; lastKnownFileType = sourcecode.c.objc; name = DetailCell.m; path = "iPhone Sample/DetailCell.m"; sourceTree = "<group>"; };
		B5BD2AFD11CA542000D7C426 /* InfoCell.h */ = {isa = PBXFileReference; fileEncoding = 4; lastKnownFileType = sourcecode.c.h; name = InfoCell.h; path = "iPhone Sample/InfoCell.h"; sourceTree = "<group>"; };
		B5BD2AFE11CA542000D7C426 /* InfoCell.m */ = {isa = PBXFileReference; fileEncoding = 4; lastKnownFileType = sourcecode.c.objc; name = InfoCell.m; path = "iPhone Sample/InfoCell.m"; sourceTree = "<group>"; };
		B5BD2AFF11CA542000D7C426 /* ToggleCell.h */ = {isa = PBXFileReference; fileEncoding = 4; lastKnownFileType = sourcecode.c.h; name = ToggleCell.h; path = "iPhone Sample/ToggleCell.h"; sourceTree = "<group>"; };
		B5BD2B0011CA542000D7C426 /* ToggleCell.m */ = {isa = PBXFileReference; fileEncoding = 4; lastKnownFileType = sourcecode.c.objc; name = ToggleCell.m; path = "iPhone Sample/ToggleCell.m"; sourceTree = "<group>"; };
		B5BD2B0711CA542700D7C426 /* RootViewController.h */ = {isa = PBXFileReference; fileEncoding = 4; lastKnownFileType = sourcecode.c.h; name = RootViewController.h; path = "iPhone Sample/RootViewController.h"; sourceTree = "<group>"; };
		B5BD2B0811CA542700D7C426 /* RootViewController.m */ = {isa = PBXFileReference; fileEncoding = 4; lastKnownFileType = sourcecode.c.objc; name = RootViewController.m; path = "iPhone Sample/RootViewController.m"; sourceTree = "<group>"; };
		B5BD2B0911CA542700D7C426 /* SampleViewController.h */ = {isa = PBXFileReference; fileEncoding = 4; lastKnownFileType = sourcecode.c.h; name = SampleViewController.h; path = "iPhone Sample/SampleViewController.h"; sourceTree = "<group>"; };
		B5BD2B0A11CA542700D7C426 /* SampleViewController.m */ = {isa = PBXFileReference; fileEncoding = 4; lastKnownFileType = sourcecode.c.objc; name = SampleViewController.m; path = "iPhone Sample/SampleViewController.m"; sourceTree = "<group>"; };
		B5BF64EE12FDFC7100CBC324 /* GHUnitIOSTestMain.m */ = {isa = PBXFileReference; fileEncoding = 4; lastKnownFileType = sourcecode.c.objc; name = GHUnitIOSTestMain.m; path = "iPhone Sample/GHUnitIOSTestMain.m"; sourceTree = "<group>"; };
		B5C6663C100A82D7004F3C96 /* ASIS3RequestTests.h */ = {isa = PBXFileReference; fileEncoding = 4; lastKnownFileType = sourcecode.c.h; path = ASIS3RequestTests.h; sourceTree = "<group>"; };
		B5C6663D100A82D7004F3C96 /* ASIS3RequestTests.m */ = {isa = PBXFileReference; fileEncoding = 4; lastKnownFileType = sourcecode.c.objc; path = ASIS3RequestTests.m; sourceTree = "<group>"; };
		B5EA45A8109B56D800E920CB /* StressTests.h */ = {isa = PBXFileReference; fileEncoding = 4; lastKnownFileType = sourcecode.c.h; path = StressTests.h; sourceTree = "<group>"; };
		B5EA45A9109B56D800E920CB /* StressTests.m */ = {isa = PBXFileReference; fileEncoding = 4; lastKnownFileType = sourcecode.c.objc; path = StressTests.m; sourceTree = "<group>"; };
		B5FE752511DBBA6400F898C8 /* ASIDownloadCache.m */ = {isa = PBXFileReference; fileEncoding = 4; lastKnownFileType = sourcecode.c.objc; path = ASIDownloadCache.m; sourceTree = "<group>"; };
		B5FE752611DBBA6400F898C8 /* ASIDownloadCache.h */ = {isa = PBXFileReference; fileEncoding = 4; lastKnownFileType = sourcecode.c.h; path = ASIDownloadCache.h; sourceTree = "<group>"; };
		B5FE752A11DBBA6A00F898C8 /* ASICacheDelegate.h */ = {isa = PBXFileReference; fileEncoding = 4; lastKnownFileType = sourcecode.c.h; path = ASICacheDelegate.h; sourceTree = "<group>"; };
		DADCEB9E12D505AB00958557 /* libz.dylib */ = {isa = PBXFileReference; lastKnownFileType = "compiled.mach-o.dylib"; name = libz.dylib; path = /usr/lib/libz.dylib; sourceTree = "<absolute>"; };
/* End PBXFileReference section */

/* Begin PBXFrameworksBuildPhase section */
		52C1D8AF144D394500957EBF /* Frameworks */ = {
			isa = PBXFrameworksBuildPhase;
			buildActionMask = 2147483647;
			files = (
				509781A01648394A00C220EF /* libxml2.dylib in Frameworks */,
			);
			runOnlyForDeploymentPostprocessing = 0;
		};
/* End PBXFrameworksBuildPhase section */

/* Begin PBXGroup section */
		080E96DDFE201D6D7F000001 /* Classes */ = {
			isa = PBXGroup;
			children = (
				B551DB4610D6938500EC1CBF /* ASIHTTPRequestConfig.h */,
				B5FE752A11DBBA6A00F898C8 /* ASICacheDelegate.h */,
				B5747F271174BB8300C9414E /* ASIHTTPRequestDelegate.h */,
				B5747F281174BB8300C9414E /* ASIProgressDelegate.h */,
				B59A87C0103EC6F200300252 /* ASIAuthenticationDialog.h */,
				B59A87C1103EC6F200300252 /* ASIAuthenticationDialog.m */,
				B522DACC1030B2AB009A2D22 /* ASIInputStream.h */,
				B522DACD1030B2AB009A2D22 /* ASIInputStream.m */,
				B55B60450F765A320064029C /* ASIFormDataRequest.h */,
				B55B60460F765A320064029C /* ASIFormDataRequest.m */,
				B55B60470F765A320064029C /* ASIHTTPRequest.h */,
				B55B60480F765A320064029C /* ASIHTTPRequest.m */,
				B55B60490F765A320064029C /* ASINetworkQueue.h */,
				B55B604A0F765A320064029C /* ASINetworkQueue.m */,
				B5FE752611DBBA6400F898C8 /* ASIDownloadCache.h */,
				B5FE752511DBBA6400F898C8 /* ASIDownloadCache.m */,
				B53E6D921257B45800C1E79A /* ASIDataDecompressor.h */,
				B53E6D911257B45800C1E79A /* ASIDataDecompressor.m */,
				B53E6D941257B45800C1E79A /* ASIDataCompressor.h */,
				B53E6D931257B45800C1E79A /* ASIDataCompressor.m */,
				B57D0F4412AA7D2300E5F992 /* ASIWebPageRequest */,
				B5873FC010FF28CA001E145F /* S3 */,
				B5873FC710FF28CA001E145F /* CloudFiles */,
				B55B60510F765A3C0064029C /* Tests */,
			);
			path = Classes;
			sourceTree = "<group>";
		};
		19C28FACFE9D520D11CA2CBB /* Products */ = {
			isa = PBXGroup;
			children = (
				52C1D8B2144D394500957EBF /* libASIHTTP.a */,
			);
			name = Products;
			sourceTree = "<group>";
		};
		29B97314FDCFA39411CA2CEA /* iPhone */ = {
			isa = PBXGroup;
			children = (
				B5D1454E1029E20D004379B8 /* External */,
				080E96DDFE201D6D7F000001 /* Classes */,
				29B97315FDCFA39411CA2CEA /* Other Sources */,
				29B97317FDCFA39411CA2CEA /* Resources */,
				29B97323FDCFA39411CA2CEA /* Frameworks */,
				19C28FACFE9D520D11CA2CBB /* Products */,
			);
			name = iPhone;
			sourceTree = "<group>";
		};
		29B97315FDCFA39411CA2CEA /* Other Sources */ = {
			isa = PBXGroup;
			children = (
				B55B606D0F765A930064029C /* SynchronousViewController.h */,
				B55B606A0F765A930064029C /* SynchronousViewController.m */,
				B57AF5901258B3F1002A1F0C /* WebPageViewController.h */,
				B57AF5911258B3F1002A1F0C /* WebPageViewController.m */,
				B55B60680F765A930064029C /* QueueViewController.h */,
				B55B60670F765A930064029C /* QueueViewController.m */,
				B51791A11024C3E800583567 /* AuthenticationViewController.h */,
				B51791A21024C3E800583567 /* AuthenticationViewController.m */,
				B55B60690F765A930064029C /* UploadViewController.h */,
				B55B606C0F765A930064029C /* UploadViewController.m */,
				B55B606E0F765A930064029C /* iPhoneSampleAppDelegate.h */,
				B55B606B0F765A930064029C /* iPhoneSampleAppDelegate.m */,
				B5BD2AF811CA541100D7C426 /* iPadSampleAppDelegate.h */,
				B5BD2AF911CA541100D7C426 /* iPadSampleAppDelegate.m */,
				B55B605F0F765A750064029C /* iPhone_Prefix.pch */,
				B50F66181297FA45003887B1 /* strict.xcconfig */,
				B55B60600F765A750064029C /* main.m */,
				B5BF64EE12FDFC7100CBC324 /* GHUnitIOSTestMain.m */,
				B52329A911CA3380006C6E5A /* UI helpers */,
			);
			name = "Other Sources";
			sourceTree = "<group>";
		};
		29B97317FDCFA39411CA2CEA /* Resources */ = {
			isa = PBXGroup;
			children = (
				B52325AC11CA05A8006C6E5A /* info.png */,
				B558B58911C7F637009B4627 /* iPhoneInfo.plist */,
				B558B58B11C7F63E009B4627 /* iPadInfo.plist */,
				B576D76511C7F4D90059B815 /* iPhoneMainWindow.xib */,
				B576D76311C7F4D40059B815 /* iPadMainWindow.xib */,
				B523254111CA01F1006C6E5A /* Sample.xib */,
				B50C1847121C27510055FCAB /* client.p12 */,
				B56529A2101C8EDA000499CF /* iphone-tests-icon.png */,
				B55B60730F765A990064029C /* iphone-icon.png */,
				B55B60CB0F765BB10064029C /* Tests-Info.plist */,
			);
			name = Resources;
			sourceTree = "<group>";
		};
		29B97323FDCFA39411CA2CEA /* Frameworks */ = {
			isa = PBXGroup;
			children = (
				B576D4C011C7CC970059B815 /* CFNetwork.framework */,
				B576D4D011C7CCBC0059B815 /* CoreGraphics.framework */,
				B576D52C11C7CEFA0059B815 /* Foundation.framework */,
				B576D4C611C7CC9F0059B815 /* MobileCoreServices.framework */,
				B50C182B121C26FA0055FCAB /* Security.framework */,
				B576D4C911C7CCA60059B815 /* SystemConfiguration.framework */,
				B576D4C311C7CC9C0059B815 /* UIKit.framework */,
				DADCEB9E12D505AB00958557 /* libz.dylib */,
				5097819F1648394A00C220EF /* libxml2.dylib */,
			);
			name = Frameworks;
			sourceTree = "<group>";
		};
		B52329A911CA3380006C6E5A /* UI helpers */ = {
			isa = PBXGroup;
			children = (
				B5BD2AFB11CA542000D7C426 /* DetailCell.h */,
				B5BD2AFC11CA542000D7C426 /* DetailCell.m */,
				B5BD2AFD11CA542000D7C426 /* InfoCell.h */,
				B5BD2AFE11CA542000D7C426 /* InfoCell.m */,
				B5BD2AFF11CA542000D7C426 /* ToggleCell.h */,
				B5BD2B0011CA542000D7C426 /* ToggleCell.m */,
				B57AF5941258B401002A1F0C /* RequestProgressCell.h */,
				B57AF5951258B401002A1F0C /* RequestProgressCell.m */,
				B5BD2B0711CA542700D7C426 /* RootViewController.h */,
				B5BD2B0811CA542700D7C426 /* RootViewController.m */,
				B5BD2B0911CA542700D7C426 /* SampleViewController.h */,
				B5BD2B0A11CA542700D7C426 /* SampleViewController.m */,
			);
			name = "UI helpers";
			sourceTree = "<group>";
		};
		B55252B111D22E2200F9B170 /* Reachability */ = {
			isa = PBXGroup;
			children = (
				B55252B211D22E2200F9B170 /* Reachability.h */,
				B55252B311D22E2200F9B170 /* Reachability.m */,
			);
			path = Reachability;
			sourceTree = "<group>";
		};
		B55B60510F765A3C0064029C /* Tests */ = {
			isa = PBXGroup;
			children = (
				B565291E101C8BD7000499CF /* ASITestCase.h */,
				B565291F101C8BD7000499CF /* ASITestCase.m */,
				B55B60520F765A3C0064029C /* ASIFormDataRequestTests.h */,
				B55B60530F765A3C0064029C /* ASIFormDataRequestTests.m */,
				B55B60540F765A3C0064029C /* ASIHTTPRequestTests.h */,
				B55B60550F765A3C0064029C /* ASIHTTPRequestTests.m */,
				B55B60560F765A3C0064029C /* ASINetworkQueueTests.h */,
				B55B60570F765A3C0064029C /* ASINetworkQueueTests.m */,
				B5C6663C100A82D7004F3C96 /* ASIS3RequestTests.h */,
				B5C6663D100A82D7004F3C96 /* ASIS3RequestTests.m */,
				B5873FF410FF2904001E145F /* ASICloudFilesRequestTests.h */,
				B5873FF310FF2904001E145F /* ASICloudFilesRequestTests.m */,
				B51A1A7911DDF7BF00ED75CF /* ASIDownloadCacheTests.h */,
				B51A1A7A11DDF7BF00ED75CF /* ASIDownloadCacheTests.m */,
				B5EA45A8109B56D800E920CB /* StressTests.h */,
				B5EA45A9109B56D800E920CB /* StressTests.m */,
				B5254FF81025F9BF00CF7BC4 /* ProxyTests.h */,
				B5254FF71025F9BF00CF7BC4 /* ProxyTests.m */,
				B52D4A2D10DA4ED5008E8365 /* PerformanceTests.h */,
				B52D4A2E10DA4ED5008E8365 /* PerformanceTests.m */,
				B50C1821121C26DB0055FCAB /* ClientCertificateTests.h */,
				B50C1822121C26DB0055FCAB /* ClientCertificateTests.m */,
				B50D532A126C87ED0022EA6F /* BlocksTests.h */,
				B50D532B126C87ED0022EA6F /* BlocksTests.m */,
			);
			path = Tests;
			sourceTree = "<group>";
		};
		B57D0F4412AA7D2300E5F992 /* ASIWebPageRequest */ = {
			isa = PBXGroup;
			children = (
				B57D0F4612AA7D3600E5F992 /* ASIWebPageRequest.h */,
				B57D0F4712AA7D3600E5F992 /* ASIWebPageRequest.m */,
			);
			name = ASIWebPageRequest;
			sourceTree = "<group>";
		};
		B5873FC010FF28CA001E145F /* S3 */ = {
			isa = PBXGroup;
			children = (
				B5403FFF115114BA00D8BE63 /* ASIS3Bucket.h */,
				B5404000115114BA00D8BE63 /* ASIS3Bucket.m */,
				B5404001115114BA00D8BE63 /* ASIS3BucketRequest.h */,
				B5404002115114BA00D8BE63 /* ASIS3BucketRequest.m */,
				B5404003115114BA00D8BE63 /* ASIS3ObjectRequest.h */,
				B5404004115114BA00D8BE63 /* ASIS3ObjectRequest.m */,
				B5404005115114BA00D8BE63 /* ASIS3ServiceRequest.h */,
				B5404006115114BA00D8BE63 /* ASIS3ServiceRequest.m */,
				B5873FC110FF28CA001E145F /* ASIS3BucketObject.h */,
				B5873FC210FF28CA001E145F /* ASIS3BucketObject.m */,
				B5873FC510FF28CA001E145F /* ASIS3Request.h */,
				B5873FC610FF28CA001E145F /* ASIS3Request.m */,
			);
			path = S3;
			sourceTree = "<group>";
		};
		B5873FC710FF28CA001E145F /* CloudFiles */ = {
			isa = PBXGroup;
			children = (
				B5873FC810FF28CA001E145F /* ASICloudFilesCDNRequest.h */,
				B5873FC910FF28CA001E145F /* ASICloudFilesCDNRequest.m */,
				B5873FCA10FF28CA001E145F /* ASICloudFilesContainer.h */,
				B5873FCB10FF28CA001E145F /* ASICloudFilesContainer.m */,
				B5873FCC10FF28CA001E145F /* ASICloudFilesContainerRequest.h */,
				B5873FCD10FF28CA001E145F /* ASICloudFilesContainerRequest.m */,
				B5873FCE10FF28CA001E145F /* ASICloudFilesContainerXMLParserDelegate.h */,
				B5873FCF10FF28CA001E145F /* ASICloudFilesContainerXMLParserDelegate.m */,
				B5873FD010FF28CA001E145F /* ASICloudFilesObject.h */,
				B5873FD110FF28CA001E145F /* ASICloudFilesObject.m */,
				B5873FD210FF28CA001E145F /* ASICloudFilesObjectRequest.h */,
				B5873FD310FF28CA001E145F /* ASICloudFilesObjectRequest.m */,
				B5873FD410FF28CA001E145F /* ASICloudFilesRequest.h */,
				B5873FD510FF28CA001E145F /* ASICloudFilesRequest.m */,
			);
			path = CloudFiles;
			sourceTree = "<group>";
		};
		B5D1454E1029E20D004379B8 /* External */ = {
			isa = PBXGroup;
			children = (
				B55252B111D22E2200F9B170 /* Reachability */,
			);
			path = External;
			sourceTree = "<group>";
		};
/* End PBXGroup section */

/* Begin PBXHeadersBuildPhase section */
		52C1D8B0144D394500957EBF /* Headers */ = {
			isa = PBXHeadersBuildPhase;
			buildActionMask = 2147483647;
			files = (
				52C1D8CA144D39DC00957EBF /* ASIHTTPRequest.h in Headers */,
				502F017B147E509600710FDB /* ASIHTTPRequestConfig.h in Headers */,
				502F017D147E509600710FDB /* ASIHTTPRequestDelegate.h in Headers */,
				502F017E147E509600710FDB /* ASIProgressDelegate.h in Headers */,
				502F017C147E509600710FDB /* ASICacheDelegate.h in Headers */,
				502F0180147E50CE00710FDB /* ASIAuthenticationDialog.h in Headers */,
				502F0181147E50CE00710FDB /* ASIInputStream.h in Headers */,
				502F0182147E50CE00710FDB /* ASIFormDataRequest.h in Headers */,
				502F0183147E50CE00710FDB /* ASINetworkQueue.h in Headers */,
				502F0184147E50CE00710FDB /* ASIDownloadCache.h in Headers */,
				502F0185147E50CE00710FDB /* ASIDataDecompressor.h in Headers */,
				502F0186147E50CE00710FDB /* ASIDataCompressor.h in Headers */,
				502F017F147E50A500710FDB /* Reachability.h in Headers */,
			);
			runOnlyForDeploymentPostprocessing = 0;
		};
/* End PBXHeadersBuildPhase section */

/* Begin PBXNativeTarget section */
		52C1D8B1144D394500957EBF /* ASIHTTP */ = {
			isa = PBXNativeTarget;
			buildConfigurationList = 52C1D8BC144D394500957EBF /* Build configuration list for PBXNativeTarget "ASIHTTP" */;
			buildPhases = (
				52C1D8AE144D394500957EBF /* Sources */,
				52C1D8AF144D394500957EBF /* Frameworks */,
				52C1D8B0144D394500957EBF /* Headers */,
			);
			buildRules = (
			);
			dependencies = (
			);
			name = ASIHTTP;
			productName = "ASIHTTP-lib";
			productReference = 52C1D8B2144D394500957EBF /* libASIHTTP.a */;
			productType = "com.apple.product-type.library.static";
		};
/* End PBXNativeTarget section */

/* Begin PBXProject section */
		29B97313FDCFA39411CA2CEA /* Project object */ = {
			isa = PBXProject;
			attributes = {
				LastUpgradeCheck = 0450;
			};
			buildConfigurationList = C01FCF4E08A954540054247B /* Build configuration list for PBXProject "ASIHTTP" */;
			compatibilityVersion = "Xcode 3.2";
			developmentRegion = English;
			hasScannedForEncodings = 1;
			knownRegions = (
				English,
				Japanese,
				French,
				German,
			);
			mainGroup = 29B97314FDCFA39411CA2CEA /* iPhone */;
			projectDirPath = "";
			projectRoot = "";
			targets = (
				52C1D8B1144D394500957EBF /* ASIHTTP */,
			);
		};
/* End PBXProject section */

/* Begin PBXSourcesBuildPhase section */
		52C1D8AE144D394500957EBF /* Sources */ = {
			isa = PBXSourcesBuildPhase;
			buildActionMask = 2147483647;
			files = (
				52C1D8BF144D39DC00957EBF /* Reachability.m in Sources */,
				52C1D8C5144D39DC00957EBF /* ASIAuthenticationDialog.m in Sources */,
				52C1D8C7144D39DC00957EBF /* ASIInputStream.m in Sources */,
				52C1D8C9144D39DC00957EBF /* ASIFormDataRequest.m in Sources */,
				52C1D8CB144D39DC00957EBF /* ASIHTTPRequest.m in Sources */,
				52C1D8CD144D39DC00957EBF /* ASINetworkQueue.m in Sources */,
				52C1D8CF144D39DC00957EBF /* ASIDownloadCache.m in Sources */,
				52C1D8D1144D39DC00957EBF /* ASIDataDecompressor.m in Sources */,
				52C1D8D3144D39DC00957EBF /* ASIDataCompressor.m in Sources */,
				52C1D8D5144D39DC00957EBF /* ASIWebPageRequest.m in Sources */,
				52C1D8D7144D39DC00957EBF /* ASIS3Bucket.m in Sources */,
				52C1D8D9144D39DC00957EBF /* ASIS3BucketRequest.m in Sources */,
				52C1D8DB144D39DC00957EBF /* ASIS3ObjectRequest.m in Sources */,
				52C1D8DD144D39DC00957EBF /* ASIS3ServiceRequest.m in Sources */,
				52C1D8DF144D39DC00957EBF /* ASIS3BucketObject.m in Sources */,
				52C1D8E1144D39DC00957EBF /* ASIS3Request.m in Sources */,
				52C1D8E3144D39DC00957EBF /* ASICloudFilesCDNRequest.m in Sources */,
				52C1D8E5144D39DC00957EBF /* ASICloudFilesContainer.m in Sources */,
				52C1D8E7144D39DC00957EBF /* ASICloudFilesContainerRequest.m in Sources */,
				52C1D8E9144D39DC00957EBF /* ASICloudFilesContainerXMLParserDelegate.m in Sources */,
				52C1D8EB144D39DC00957EBF /* ASICloudFilesObject.m in Sources */,
				52C1D8ED144D39DC00957EBF /* ASICloudFilesObjectRequest.m in Sources */,
				52C1D8EF144D39DC00957EBF /* ASICloudFilesRequest.m in Sources */,
			);
			runOnlyForDeploymentPostprocessing = 0;
		};
/* End PBXSourcesBuildPhase section */

/* Begin XCBuildConfiguration section */
		50C9C75A1500DF5500A0B0EA /* Distribution */ = {
			isa = XCBuildConfiguration;
			buildSettings = {
				ARCHS = "$(ARCHS_STANDARD_32_BIT)";
				GCC_C_LANGUAGE_STANDARD = c99;
				GCC_WARN_ABOUT_RETURN_TYPE = YES;
				GCC_WARN_UNUSED_VARIABLE = YES;
				SDKROOT = iphoneos;
				SKIP_INSTALL = YES;
			};
			name = Distribution;
		};
		50C9C75B1500DF5500A0B0EA /* Distribution */ = {
			isa = XCBuildConfiguration;
			buildSettings = {
				ALWAYS_SEARCH_USER_PATHS = NO;
				COPY_PHASE_STRIP = YES;
				DSTROOT = /tmp/ASIHTTP_lib.dst;
				GCC_C_LANGUAGE_STANDARD = gnu99;
				GCC_PRECOMPILE_PREFIX_HEADER = YES;
				GCC_PREFIX_HEADER = "iPhone Sample/iPhone_Prefix.pch";
				GCC_VERSION = "";
				GCC_WARN_ABOUT_MISSING_PROTOTYPES = YES;
				HEADER_SEARCH_PATHS = "${SDK_DIR}/usr/include/libxml2";
				INSTALL_PATH = "";
				IPHONEOS_DEPLOYMENT_TARGET = 5.0;
				ONLY_ACTIVE_ARCH = NO;
				OTHER_LDFLAGS = "-ObjC";
				PRODUCT_NAME = "$(TARGET_NAME)";
				PUBLIC_HEADERS_FOLDER_PATH = Headers;
				SKIP_INSTALL = YES;
				USER_HEADER_SEARCH_PATHS = "";
				VALIDATE_PRODUCT = YES;
			};
			name = Distribution;
		};
		52C1D8BA144D394500957EBF /* Debug */ = {
			isa = XCBuildConfiguration;
			buildSettings = {
				ALWAYS_SEARCH_USER_PATHS = NO;
				COPY_PHASE_STRIP = NO;
				DSTROOT = /tmp/ASIHTTP_lib.dst;
				GCC_C_LANGUAGE_STANDARD = gnu99;
				GCC_DYNAMIC_NO_PIC = NO;
				GCC_OPTIMIZATION_LEVEL = 0;
				GCC_PRECOMPILE_PREFIX_HEADER = YES;
				GCC_PREFIX_HEADER = "iPhone Sample/iPhone_Prefix.pch";
				GCC_PREPROCESSOR_DEFINITIONS = (
					"DEBUG=1",
					"$(inherited)",
				);
				GCC_SYMBOLS_PRIVATE_EXTERN = NO;
				GCC_VERSION = "";
				GCC_WARN_ABOUT_MISSING_PROTOTYPES = YES;
				HEADER_SEARCH_PATHS = "${SDK_DIR}/usr/include/libxml2";
				INSTALL_PATH = "";
				IPHONEOS_DEPLOYMENT_TARGET = 5.0;
				ONLY_ACTIVE_ARCH = NO;
				OTHER_LDFLAGS = "-ObjC";
				PRODUCT_NAME = "$(TARGET_NAME)";
				PUBLIC_HEADERS_FOLDER_PATH = Headers;
				SKIP_INSTALL = YES;
				USER_HEADER_SEARCH_PATHS = "";
			};
			name = Debug;
		};
		52C1D8BB144D394500957EBF /* Release */ = {
			isa = XCBuildConfiguration;
			buildSettings = {
				ALWAYS_SEARCH_USER_PATHS = NO;
				COPY_PHASE_STRIP = YES;
				DSTROOT = /tmp/ASIHTTP_lib.dst;
				GCC_C_LANGUAGE_STANDARD = gnu99;
				GCC_PRECOMPILE_PREFIX_HEADER = YES;
				GCC_PREFIX_HEADER = "iPhone Sample/iPhone_Prefix.pch";
				GCC_VERSION = "";
				GCC_WARN_ABOUT_MISSING_PROTOTYPES = YES;
				HEADER_SEARCH_PATHS = "${SDK_DIR}/usr/include/libxml2";
				INSTALL_PATH = "";
				IPHONEOS_DEPLOYMENT_TARGET = 5.0;
				ONLY_ACTIVE_ARCH = NO;
				OTHER_LDFLAGS = "-ObjC";
				PRODUCT_NAME = "$(TARGET_NAME)";
				PUBLIC_HEADERS_FOLDER_PATH = Headers;
				SKIP_INSTALL = YES;
				USER_HEADER_SEARCH_PATHS = "";
				VALIDATE_PRODUCT = YES;
			};
			name = Release;
		};
		C01FCF4F08A954540054247B /* Debug */ = {
			isa = XCBuildConfiguration;
			buildSettings = {
				ARCHS = "$(ARCHS_STANDARD_32_BIT)";
				GCC_C_LANGUAGE_STANDARD = c99;
				GCC_WARN_ABOUT_RETURN_TYPE = YES;
				GCC_WARN_UNUSED_VARIABLE = YES;
				ONLY_ACTIVE_ARCH = YES;
				SDKROOT = iphoneos;
				SKIP_INSTALL = YES;
			};
			name = Debug;
		};
		C01FCF5008A954540054247B /* Release */ = {
			isa = XCBuildConfiguration;
			buildSettings = {
				ARCHS = "$(ARCHS_STANDARD_32_BIT)";
				GCC_C_LANGUAGE_STANDARD = c99;
				GCC_WARN_ABOUT_RETURN_TYPE = YES;
				GCC_WARN_UNUSED_VARIABLE = YES;
				SDKROOT = iphoneos;
				SKIP_INSTALL = YES;
			};
			name = Release;
		};
/* End XCBuildConfiguration section */

/* Begin XCConfigurationList section */
		52C1D8BC144D394500957EBF /* Build configuration list for PBXNativeTarget "ASIHTTP" */ = {
			isa = XCConfigurationList;
			buildConfigurations = (
				52C1D8BA144D394500957EBF /* Debug */,
				52C1D8BB144D394500957EBF /* Release */,
				50C9C75B1500DF5500A0B0EA /* Distribution */,
			);
			defaultConfigurationIsVisible = 0;
			defaultConfigurationName = Debug;
		};
		C01FCF4E08A954540054247B /* Build configuration list for PBXProject "ASIHTTP" */ = {
			isa = XCConfigurationList;
			buildConfigurations = (
				C01FCF4F08A954540054247B /* Debug */,
				C01FCF5008A954540054247B /* Release */,
				50C9C75A1500DF5500A0B0EA /* Distribution */,
			);
			defaultConfigurationIsVisible = 0;
			defaultConfigurationName = Debug;
		};
/* End XCConfigurationList section */
	};
	rootObject = 29B97313FDCFA39411CA2CEA /* Project object */;
}
